
Microsoft Visual Studio Solution File, Format Version 12.00
Project("{FAE04EC0-301F-11D3-BF4B-00C04F79EFBC}") = "Exercicio1", "Exercicio1\Exercicio1.csproj", "{218EBAB4-8014-4E39-9ED0-2FC1E1DD1DD7}"
EndProject
Project("{FAE04EC0-301F-11D3-BF4B-00C04F79EFBC}") = "Exercicio02", "Exercicio02\Exercicio02.csproj", "{83025444-9ABB-488A-9992-229959F61488}"
EndProject
Project("{FAE04EC0-301F-11D3-BF4B-00C04F79EFBC}") = "Exercicio03", "Exercicio03\Exercicio03.csproj", "{360C001E-31D6-45A2-B35E-FF505D13011F}"
EndProject
Project("{FAE04EC0-301F-11D3-BF4B-00C04F79EFBC}") = "Exercicio04", "Exercicio04\Exercicio04.csproj", "{C77BC42B-1D63-477C-B52E-CB01D3D4891A}"
EndProject
Project("{FAE04EC0-301F-11D3-BF4B-00C04F79EFBC}") = "Exercicio05", "Exercicio05\Exercicio05.csproj", "{FDD6FC71-4656-4726-8EF8-9BD9A2979618}"
EndProject
Project("{FAE04EC0-301F-11D3-BF4B-00C04F79EFBC}") = "Exercicio06", "Exercicio06\Exercicio06.csproj", "{AF35202E-D9E4-41C3-A8AF-1BE49F5CC982}"
EndProject
Project("{FAE04EC0-301F-11D3-BF4B-00C04F79EFBC}") = "Exercicio07", "Exercicio07\Exercicio07.csproj", "{1CB0E0F0-17BF-46B2-B801-E87A3295D9F1}"
EndProject
Project("{FAE04EC0-301F-11D3-BF4B-00C04F79EFBC}") = "Exercicio08", "Exercicio08\Exercicio08.csproj", "{E97B614B-02BC-41E4-915E-A867D88196E3}"
EndProject
Project("{FAE04EC0-301F-11D3-BF4B-00C04F79EFBC}") = "Exercicio09", "Exercicio09\Exercicio09.csproj", "{BDCED1E9-C142-4CB9-910E-504935CAB4F0}"
EndProject
Project("{FAE04EC0-301F-11D3-BF4B-00C04F79EFBC}") = "Exercicio10", "Exercicio10\Exercicio10.csproj", "{D7175C5B-6919-42FC-8DD1-B24CD376C832}"
EndProject
Project("{FAE04EC0-301F-11D3-BF4B-00C04F79EFBC}") = "Exercicio11", "Exercicio11\Exercicio11.csproj", "{14F7BA09-9921-409A-8F03-A8067C2D654B}"
EndProject
Project("{FAE04EC0-301F-11D3-BF4B-00C04F79EFBC}") = "WumpusGame", "WumpusGame\WumpusGame.csproj", "{DAF0E0F8-EECB-420C-80BE-272D0721874E}"
EndProject
Project("{FAE04EC0-301F-11D3-BF4B-00C04F79EFBC}") = "teste", "teste\teste.csproj", "{692E20A9-39BA-4B73-BF03-CE4355319C76}"
EndProject
Project("{FAE04EC0-301F-11D3-BF4B-00C04F79EFBC}") = "teste2", "teste2\teste2.csproj", "{CC1BFCF0-DFD8-46E8-A6AD-CA714DD21537}"
EndProject
Project("{FAE04EC0-301F-11D3-BF4B-00C04F79EFBC}") = "teste3", "teste3\teste3.csproj", "{C229CE1B-C191-4D5C-A3D0-127B43C03C0C}"
EndProject
Project("{FAE04EC0-301F-11D3-BF4B-00C04F79EFBC}") = "ProjetoRPG", "ProjetoRPG\ProjetoRPG.csproj", "{6C7F02CB-2832-49B9-B6F1-B70CE6E2ECCA}"
EndProject
Global
	GlobalSection(SolutionConfigurationPlatforms) = preSolution
		Debug|Any CPU = Debug|Any CPU
		Release|Any CPU = Release|Any CPU
	EndGlobalSection
	GlobalSection(ProjectConfigurationPlatforms) = postSolution
		{218EBAB4-8014-4E39-9ED0-2FC1E1DD1DD7}.Debug|Any CPU.ActiveCfg = Debug|Any CPU
		{218EBAB4-8014-4E39-9ED0-2FC1E1DD1DD7}.Debug|Any CPU.Build.0 = Debug|Any CPU
		{218EBAB4-8014-4E39-9ED0-2FC1E1DD1DD7}.Release|Any CPU.ActiveCfg = Release|Any CPU
		{218EBAB4-8014-4E39-9ED0-2FC1E1DD1DD7}.Release|Any CPU.Build.0 = Release|Any CPU
		{83025444-9ABB-488A-9992-229959F61488}.Debug|Any CPU.ActiveCfg = Debug|Any CPU
		{83025444-9ABB-488A-9992-229959F61488}.Debug|Any CPU.Build.0 = Debug|Any CPU
		{83025444-9ABB-488A-9992-229959F61488}.Release|Any CPU.ActiveCfg = Release|Any CPU
		{83025444-9ABB-488A-9992-229959F61488}.Release|Any CPU.Build.0 = Release|Any CPU
		{360C001E-31D6-45A2-B35E-FF505D13011F}.Debug|Any CPU.ActiveCfg = Debug|Any CPU
		{360C001E-31D6-45A2-B35E-FF505D13011F}.Debug|Any CPU.Build.0 = Debug|Any CPU
		{360C001E-31D6-45A2-B35E-FF505D13011F}.Release|Any CPU.ActiveCfg = Release|Any CPU
		{360C001E-31D6-45A2-B35E-FF505D13011F}.Release|Any CPU.Build.0 = Release|Any CPU
		{C77BC42B-1D63-477C-B52E-CB01D3D4891A}.Debug|Any CPU.ActiveCfg = Debug|Any CPU
		{C77BC42B-1D63-477C-B52E-CB01D3D4891A}.Debug|Any CPU.Build.0 = Debug|Any CPU
		{C77BC42B-1D63-477C-B52E-CB01D3D4891A}.Release|Any CPU.ActiveCfg = Release|Any CPU
		{C77BC42B-1D63-477C-B52E-CB01D3D4891A}.Release|Any CPU.Build.0 = Release|Any CPU
		{FDD6FC71-4656-4726-8EF8-9BD9A2979618}.Debug|Any CPU.ActiveCfg = Debug|Any CPU
		{FDD6FC71-4656-4726-8EF8-9BD9A2979618}.Debug|Any CPU.Build.0 = Debug|Any CPU
		{FDD6FC71-4656-4726-8EF8-9BD9A2979618}.Release|Any CPU.ActiveCfg = Release|Any CPU
		{FDD6FC71-4656-4726-8EF8-9BD9A2979618}.Release|Any CPU.Build.0 = Release|Any CPU
		{AF35202E-D9E4-41C3-A8AF-1BE49F5CC982}.Debug|Any CPU.ActiveCfg = Debug|Any CPU
		{AF35202E-D9E4-41C3-A8AF-1BE49F5CC982}.Debug|Any CPU.Build.0 = Debug|Any CPU
		{AF35202E-D9E4-41C3-A8AF-1BE49F5CC982}.Release|Any CPU.ActiveCfg = Release|Any CPU
		{AF35202E-D9E4-41C3-A8AF-1BE49F5CC982}.Release|Any CPU.Build.0 = Release|Any CPU
		{1CB0E0F0-17BF-46B2-B801-E87A3295D9F1}.Debug|Any CPU.ActiveCfg = Debug|Any CPU
		{1CB0E0F0-17BF-46B2-B801-E87A3295D9F1}.Debug|Any CPU.Build.0 = Debug|Any CPU
		{1CB0E0F0-17BF-46B2-B801-E87A3295D9F1}.Release|Any CPU.ActiveCfg = Release|Any CPU
		{1CB0E0F0-17BF-46B2-B801-E87A3295D9F1}.Release|Any CPU.Build.0 = Release|Any CPU
		{E97B614B-02BC-41E4-915E-A867D88196E3}.Debug|Any CPU.ActiveCfg = Debug|Any CPU
		{E97B614B-02BC-41E4-915E-A867D88196E3}.Debug|Any CPU.Build.0 = Debug|Any CPU
		{E97B614B-02BC-41E4-915E-A867D88196E3}.Release|Any CPU.ActiveCfg = Release|Any CPU
		{E97B614B-02BC-41E4-915E-A867D88196E3}.Release|Any CPU.Build.0 = Release|Any CPU
		{BDCED1E9-C142-4CB9-910E-504935CAB4F0}.Debug|Any CPU.ActiveCfg = Debug|Any CPU
		{BDCED1E9-C142-4CB9-910E-504935CAB4F0}.Debug|Any CPU.Build.0 = Debug|Any CPU
		{BDCED1E9-C142-4CB9-910E-504935CAB4F0}.Release|Any CPU.ActiveCfg = Release|Any CPU
		{BDCED1E9-C142-4CB9-910E-504935CAB4F0}.Release|Any CPU.Build.0 = Release|Any CPU
		{D7175C5B-6919-42FC-8DD1-B24CD376C832}.Debug|Any CPU.ActiveCfg = Debug|Any CPU
		{D7175C5B-6919-42FC-8DD1-B24CD376C832}.Debug|Any CPU.Build.0 = Debug|Any CPU
		{D7175C5B-6919-42FC-8DD1-B24CD376C832}.Release|Any CPU.ActiveCfg = Release|Any CPU
		{D7175C5B-6919-42FC-8DD1-B24CD376C832}.Release|Any CPU.Build.0 = Release|Any CPU
		{14F7BA09-9921-409A-8F03-A8067C2D654B}.Debug|Any CPU.ActiveCfg = Debug|Any CPU
		{14F7BA09-9921-409A-8F03-A8067C2D654B}.Debug|Any CPU.Build.0 = Debug|Any CPU
		{14F7BA09-9921-409A-8F03-A8067C2D654B}.Release|Any CPU.ActiveCfg = Release|Any CPU
		{14F7BA09-9921-409A-8F03-A8067C2D654B}.Release|Any CPU.Build.0 = Release|Any CPU
		{DAF0E0F8-EECB-420C-80BE-272D0721874E}.Debug|Any CPU.ActiveCfg = Debug|Any CPU
		{DAF0E0F8-EECB-420C-80BE-272D0721874E}.Debug|Any CPU.Build.0 = Debug|Any CPU
		{DAF0E0F8-EECB-420C-80BE-272D0721874E}.Release|Any CPU.ActiveCfg = Release|Any CPU
		{DAF0E0F8-EECB-420C-80BE-272D0721874E}.Release|Any CPU.Build.0 = Release|Any CPU
		{692E20A9-39BA-4B73-BF03-CE4355319C76}.Debug|Any CPU.ActiveCfg = Debug|Any CPU
		{692E20A9-39BA-4B73-BF03-CE4355319C76}.Debug|Any CPU.Build.0 = Debug|Any CPU
		{692E20A9-39BA-4B73-BF03-CE4355319C76}.Release|Any CPU.ActiveCfg = Release|Any CPU
		{692E20A9-39BA-4B73-BF03-CE4355319C76}.Release|Any CPU.Build.0 = Release|Any CPU
		{CC1BFCF0-DFD8-46E8-A6AD-CA714DD21537}.Debug|Any CPU.ActiveCfg = Debug|Any CPU
		{CC1BFCF0-DFD8-46E8-A6AD-CA714DD21537}.Debug|Any CPU.Build.0 = Debug|Any CPU
		{CC1BFCF0-DFD8-46E8-A6AD-CA714DD21537}.Release|Any CPU.ActiveCfg = Release|Any CPU
		{CC1BFCF0-DFD8-46E8-A6AD-CA714DD21537}.Release|Any CPU.Build.0 = Release|Any CPU
		{C229CE1B-C191-4D5C-A3D0-127B43C03C0C}.Debug|Any CPU.ActiveCfg = Debug|Any CPU
		{C229CE1B-C191-4D5C-A3D0-127B43C03C0C}.Debug|Any CPU.Build.0 = Debug|Any CPU
		{C229CE1B-C191-4D5C-A3D0-127B43C03C0C}.Release|Any CPU.ActiveCfg = Release|Any CPU
		{C229CE1B-C191-4D5C-A3D0-127B43C03C0C}.Release|Any CPU.Build.0 = Release|Any CPU
		{6C7F02CB-2832-49B9-B6F1-B70CE6E2ECCA}.Debug|Any CPU.ActiveCfg = Debug|Any CPU
		{6C7F02CB-2832-49B9-B6F1-B70CE6E2ECCA}.Debug|Any CPU.Build.0 = Debug|Any CPU
		{6C7F02CB-2832-49B9-B6F1-B70CE6E2ECCA}.Release|Any CPU.ActiveCfg = Release|Any CPU
		{6C7F02CB-2832-49B9-B6F1-B70CE6E2ECCA}.Release|Any CPU.Build.0 = Release|Any CPU
	EndGlobalSection
EndGlobal
